
Microsoft Visual Studio Solution File, Format Version 12.00
# Visual Studio 15
VisualStudioVersion = 15.0.27004.2009
MinimumVisualStudioVersion = 10.0.40219.1
Project("{FAE04EC0-301F-11D3-BF4B-00C04F79EFBC}") = "PrayerApp", "PrayerApp\PrayerApp.csproj", "{0CD89CB7-3E23-4D9E-A17A-49830843218C}"
EndProject
Global
	GlobalSection(SolutionConfigurationPlatforms) = preSolution
		Debug|Any CPU = Debug|Any CPU
		Release|Any CPU = Release|Any CPU
	EndGlobalSection
	GlobalSection(ProjectConfigurationPlatforms) = postSolution
		{0CD89CB7-3E23-4D9E-A17A-49830843218C}.Debug|Any CPU.ActiveCfg = Debug|Any CPU
		{0CD89CB7-3E23-4D9E-A17A-49830843218C}.Debug|Any CPU.Build.0 = Debug|Any CPU
		{0CD89CB7-3E23-4D9E-A17A-49830843218C}.Release|Any CPU.ActiveCfg = Release|Any CPU
		{0CD89CB7-3E23-4D9E-A17A-49830843218C}.Release|Any CPU.Build.0 = Release|Any CPU
	EndGlobalSection
	GlobalSection(SolutionProperties) = preSolution
		HideSolutionNode = FALSE
	EndGlobalSection
	GlobalSection(ExtensibilityGlobals) = postSolution
		SolutionGuid = {C84987A3-8D19-4D85-A398-678E73205716}
	EndGlobalSection
EndGlobal
